# @generated - this file is auto-generated by `mise lock` https://mise.en.dev/dev-tools/mise-lock.html

[[tools.go]]
version = "1.26.4"
backend = "core:go"

[[tools."go:github.com/a-h/templ/cmd/templ"]]
version = "0.3.1020"
backend = "go:github.com/a-h/templ/cmd/templ"

[[tools."go:github.com/air-verse/air"]]
version = "1.65.3"
backend = "go:github.com/air-verse/air"

[[tools."go:github.com/go-delve/delve/cmd/dlv"]]
version = "1.26.3"
backend = "go:github.com/go-delve/delve/cmd/dlv"

[[tools."go:github.com/golangci/golangci-lint/v2/cmd/golangci-lint"]]
version = "2.12.2"
backend = "go:github.com/golangci/golangci-lint/v2/cmd/golangci-lint"

[[tools."go:github.com/nats-io/natscli/nats"]]
version = "0.4.0"
backend = "go:github.com/nats-io/natscli/nats"

[[tools."go:github.com/pressly/goose/v3/cmd/goose"]]
version = "3.27.1"
backend = "go:github.com/pressly/goose/v3/cmd/goose"

[[tools."go:github.com/sqlc-dev/sqlc/cmd/sqlc"]]
version = "1.31.1"
backend = "go:github.com/sqlc-dev/sqlc/cmd/sqlc"

[[tools."go:golang.org/x/tools/cmd/goimports"]]
version = "0.46.0"
backend = "go:golang.org/x/tools/cmd/goimports"
